# THIS IS AN AUTOGENERATED FILE. DO NOT EDIT THIS FILE DIRECTLY.
# yarn lockfile v1


inversify-binding-decorators@^4.0.0:
  version "4.0.0"
  resolved "https://registry.yarnpkg.com/inversify-binding-decorators/-/inversify-binding-decorators-4.0.0.tgz#c4d1ac50d7d6531f465ee7894e92031f7471c865"
  integrity sha512-r8au/oH3vS7ttHj0RivAznwElySeRohLfg8lvOSzbrX6abf/8ik8ptk49XbzdShgrnalvl7CM6MjcskfM7MMqQ==

inversify@^5.0.1:
  version "5.0.1"
  resolved "https://registry.yarnpkg.com/inversify/-/inversify-5.0.1.tgz#500d709b1434896ce5a0d58915c4a4210e34fb6e"
  integrity sha512-Ieh06s48WnEYGcqHepdsJUIJUXpwH5o5vodAX+DK2JA/gjy4EbEcQZxw+uFfzysmKjiLXGYwNG3qDZsKVMcINQ==

reflect-metadata@^0.1.13:
  version "0.1.13"
  resolved "https://registry.yarnpkg.com/reflect-metadata/-/reflect-metadata-0.1.13.tgz#67ae3ca57c972a2aa1642b10fe363fe32d49dc08"
  integrity sha512-Ts1Y/anZELhSsjMcU605fU9RE4Oi3p5ORujwbIKXfWa+0Zxs510Qrmrce5/Jowq3cHSZSJqBjypxmHarc+vEWg==

typescript@^3.4.3:
  version "3.4.3"
  resolved "https://registry.yarnpkg.com/typescript/-/typescript-3.4.3.tgz#0eb320e4ace9b10eadf5bc6103286b0f8b7c224f"
  integrity sha512-FFgHdPt4T/duxx6Ndf7hwgMZZjZpB+U0nMNGVCYPq0rEzWKjEDobm4J6yb3CS7naZ0yURFqdw9Gwc7UOh/P9oQ==
